// !$*UTF8*$!
{
	archiveVersion = 1;
	classes = {
	};
	objectVersion = 50;
	objects = {

/* Begin PBXBuildFile section */
		EF98BF49235F7B2400DDB9EE /* AppDelegate.swift in Sources */ = {isa = PBXBuildFile; fileRef = EF98BF48235F7B2400DDB9EE /* AppDelegate.swift */; };
		EF98BF4B235F7B2400DDB9EE /* SceneDelegate.swift in Sources */ = {isa = PBXBuildFile; fileRef = EF98BF4A235F7B2400DDB9EE /* SceneDelegate.swift */; };
		EF98BF4D235F7B2400DDB9EE /* ViewController.swift in Sources */ = {isa = PBXBuildFile; fileRef = EF98BF4C235F7B2400DDB9EE /* ViewController.swift */; };
		EF98BF50235F7B2400DDB9EE /* Main.storyboard in Resources */ = {isa = PBXBuildFile; fileRef = EF98BF4E235F7B2400DDB9EE /* Main.storyboard */; };
		EF98BF52235F7B2500DDB9EE /* Assets.xcassets in Resources */ = {isa = PBXBuildFile; fileRef = EF98BF51235F7B2500DDB9EE /* Assets.xcassets */; };
		EF98BF55235F7B2500DDB9EE /* LaunchScreen.storyboard in Resources */ = {isa = PBXBuildFile; fileRef = EF98BF53235F7B2500DDB9EE /* LaunchScreen.storyboard */; };
/* End PBXBuildFile section */

/* Begin PBXFileReference section */
		EF98BF45235F7B2400DDB9EE /* Chillis.app */ = {isa = PBXFileReference; explicitFileType = wrapper.application; includeInIndex = 0; path = Chillis.app; sourceTree = BUILT_PRODUCTS_DIR; };
		EF98BF48235F7B2400DDB9EE /* AppDelegate.swift */ = {isa = PBXFileReference; lastKnownFileType = sourcecode.swift; path = AppDelegate.swift; sourceTree = "<group>"; };
		EF98BF4A235F7B2400DDB9EE /* SceneDelegate.swift */ = {isa = PBXFileReference; lastKnownFileType = sourcecode.swift; path = SceneDelegate.swift; sourceTree = "<group>"; };
		EF98BF4C235F7B2400DDB9EE /* ViewController.swift */ = {isa = PBXFileReference; lastKnownFileType = sourcecode.swift; path = ViewController.swift; sourceTree = "<group>"; };
		EF98BF4F235F7B2400DDB9EE /* Base */ = {isa = PBXFileReference; lastKnownFileType = file.storyboard; name = Base; path = Base.lproj/Main.storyboard; sourceTree = "<group>"; };
		EF98BF51235F7B2500DDB9EE /* Assets.xcassets */ = {isa = PBXFileReference; lastKnownFileType = folder.assetcatalog; path = Assets.xcassets; sourceTree = "<group>"; };
		EF98BF54235F7B2500DDB9EE /* Base */ = {isa = PBXFileReference; lastKnownFileType = file.storyboard; name = Base; path = Base.lproj/LaunchScreen.storyboard; sourceTree = "<group>"; };
		EF98BF56235F7B2500DDB9EE /* Info.plist */ = {isa = PBXFileReference; lastKnownFileType = text.plist.xml; path = Info.plist; sourceTree = "<group>"; };
/* End PBXFileReference section */

/* Begin PBXFrameworksBuildPhase section */
		EF98BF42235F7B2400DDB9EE /* Frameworks */ = {
			isa = PBXFrameworksBuildPhase;
			buildActionMask = 2147483647;
			files = (
			);
			runOnlyForDeploymentPostprocessing = 0;
		};
/* End PBXFrameworksBuildPhase section */

/* Begin PBXGroup section */
		EF98BF3C235F7B2400DDB9EE = {
			isa = PBXGroup;
			children = (
				EF98BF47235F7B2400DDB9EE /* Chillis */,
				EF98BF46235F7B2400DDB9EE /* Products */,
			);
			sourceTree = "<group>";
		};
		EF98BF46235F7B2400DDB9EE /* Products */ = {
			isa = PBXGroup;
			children = (
				EF98BF45235F7B2400DDB9EE /* Chillis.app */,
			);
			name = Products;
			sourceTree = "<group>";
		};
		EF98BF47235F7B2400DDB9EE /* Chillis */ = {
			isa = PBXGroup;
			children = (
				EF98BF48235F7B2400DDB9EE /* AppDelegate.swift */,
				EF98BF4A235F7B2400DDB9EE /* SceneDelegate.swift */,
				EF98BF4C235F7B2400DDB9EE /* ViewController.swift */,
				EF98BF4E235F7B2400DDB9EE /* Main.storyboard */,
				EF98BF51235F7B2500DDB9EE /* Assets.xcassets */,
				EF98BF53235F7B2500DDB9EE /* LaunchScreen.storyboard */,
				EF98BF56235F7B2500DDB9EE /* Info.plist */,
			);
			path = Chillis;
			sourceTree = "<group>";
		};
/* End PBXGroup section */

/* Begin PBXNativeTarget section */
		EF98BF44235F7B2400DDB9EE /* Chillis */ = {
			isa = PBXNativeTarget;
			buildConfigurationList = EF98BF59235F7B2500DDB9EE /* Build configuration list for PBXNativeTarget "Chillis" */;
			buildPhases = (
				EF98BF41235F7B2400DDB9EE /* Sources */,
				EF98BF42235F7B2400DDB9EE /* Frameworks */,
				EF98BF43235F7B2400DDB9EE /* Resources */,
			);
			buildRules = (
			);
			dependencies = (
			);
			name = Chillis;
			productName = Chillis;
			productReference = EF98BF45235F7B2400DDB9EE /* Chillis.app */;
			productType = "com.apple.product-type.application";
		};
/* End PBXNativeTarget section */

/* Begin PBXProject section */
		EF98BF3D235F7B2400DDB9EE /* Project object */ = {
			isa = PBXProject;
			attributes = {
				LastSwiftUpdateCheck = 1110;
				LastUpgradeCheck = 1110;
				ORGANIZATIONNAME = period6;
				TargetAttributes = {
					EF98BF44235F7B2400DDB9EE = {
						CreatedOnToolsVersion = 11.1;
					};
				};
			};
			buildConfigurationList = EF98BF40235F7B2400DDB9EE /* Build configuration list for PBXProject "Chillis" */;
			compatibilityVersion = "Xcode 9.3";
			developmentRegion = en;
			hasScannedForEncodings = 0;
			knownRegions = (
				en,
				Base,
			);
			mainGroup = EF98BF3C235F7B2400DDB9EE;
			productRefGroup = EF98BF46235F7B2400DDB9EE /* Products */;
			projectDirPath = "";
			projectRoot = "";
			targets = (
				EF98BF44235F7B2400DDB9EE /* Chillis */,
			);
		};
/* End PBXProject section */

/* Begin PBXResourcesBuildPhase section */
		EF98BF43235F7B2400DDB9EE /* Resources */ = {
			isa = PBXResourcesBuildPhase;
			buildActionMask = 2147483647;
			files = (
				EF98BF55235F7B2500DDB9EE /* LaunchScreen.storyboard in Resources */,
				EF98BF52235F7B2500DDB9EE /* Assets.xcassets in Resources */,
				EF98BF50235F7B2400DDB9EE /* Main.storyboard in Resources */,
			);
			runOnlyForDeploymentPostprocessing = 0;
		};
/* End PBXResourcesBuildPhase section */

/* Begin PBXSourcesBuildPhase section */
		EF98BF41235F7B2400DDB9EE /* Sources */ = {
			isa = PBXSourcesBuildPhase;
			buildActionMask = 2147483647;
			files = (
				EF98BF4D235F7B2400DDB9EE /* ViewController.swift in Sources */,
				EF98BF49235F7B2400DDB9EE /* AppDelegate.swift in Sources */,
				EF98BF4B235F7B2400DDB9EE /* SceneDelegate.swift in Sources */,
			);
			runOnlyForDeploymentPostprocessing = 0;
		};
/* End PBXSourcesBuildPhase section */

/* Begin PBXVariantGroup section */
		EF98BF4E235F7B2400DDB9EE /* Main.storyboard */ = {
			isa = PBXVariantGroup;
			children = (
				EF98BF4F235F7B2400DDB9EE /* Base */,
			);
			name = Main.storyboard;
			sourceTree = "<group>";
		};
		EF98BF53235F7B2500DDB9EE /* LaunchScreen.storyboard */ = {
			isa = PBXVariantGroup;
			children = (
				EF98BF54235F7B2500DDB9EE /* Base */,
			);
			name = LaunchScreen.storyboard;
			sourceTree = "<group>";
		};
/* End PBXVariantGroup section */

/* Begin XCBuildConfiguration section */
		EF98BF57235F7B2500DDB9EE /* Debug */ = {
			isa = XCBuildConfiguration;
			buildSettings = {
				ALWAYS_SEARCH_USER_PATHS = NO;
				CLANG_ANALYZER_NONNULL = YES;
				CLANG_ANALYZER_NUMBER_OBJECT_CONVERSION = YES_AGGRESSIVE;
				CLANG_CXX_LANGUAGE_STANDARD = "gnu++14";
				CLANG_CXX_LIBRARY = "libc++";
				CLANG_ENABLE_MODULES = YES;
				CLANG_ENABLE_OBJC_ARC = YES;
				CLANG_ENABLE_OBJC_WEAK = YES;
				CLANG_WARN_BLOCK_CAPTURE_AUTORELEASING = YES;
				CLANG_WARN_BOOL_CONVERSION = YES;
				CLANG_WARN_COMMA = YES;
				CLANG_WARN_CONSTANT_CONVERSION = YES;
				CLANG_WARN_DEPRECATED_OBJC_IMPLEMENTATIONS = YES;
				CLANG_WARN_DIRECT_OBJC_ISA_USAGE = YES_ERROR;
				CLANG_WARN_DOCUMENTATION_COMMENTS = YES;
				CLANG_WARN_EMPTY_BODY = YES;
				CLANG_WARN_ENUM_CONVERSION = YES;
				CLANG_WARN_INFINITE_RECURSION = YES;
				CLANG_WARN_INT_CONVERSION = YES;
				CLANG_WARN_NON_LITERAL_NULL_CONVERSION = YES;
				CLANG_WARN_OBJC_IMPLICIT_RETAIN_SELF = YES;
				CLANG_WARN_OBJC_LITERAL_CONVERSION = YES;
				CLANG_WARN_OBJC_ROOT_CLASS = YES_ERROR;
				CLANG_WARN_RANGE_LOOP_ANALYSIS = YES;
				CLANG_WARN_STRICT_PROTOTYPES = YES;
				CLANG_WARN_SUSPICIOUS_MOVE = YES;
				CLANG_WARN_UNGUARDED_AVAILABILITY = YES_AGGRESSIVE;
				CLANG_WARN_UNREACHABLE_CODE = YES;
				CLANG_WARN__DUPLICATE_METHOD_MATCH = YES;
				COPY_PHASE_STRIP = NO;
				DEBUG_INFORMATION_FORMAT = dwarf;
				ENABLE_STRICT_OBJC_MSGSEND = YES;
				ENABLE_TESTABILITY = YES;
				GCC_C_LANGUAGE_STANDARD = gnu11;
				GCC_DYNAMIC_NO_PIC = NO;
				GCC_NO_COMMON_BLOCKS = YES;
				GCC_OPTIMIZATION_LEVEL = 0;
				GCC_PREPROCESSOR_DEFINITIONS = (
					"DEBUG=1",
					"$(inherited)",
				);
				GCC_WARN_64_TO_32_BIT_CONVERSION = YES;
				GCC_WARN_ABOUT_RETURN_TYPE = YES_ERROR;
				GCC_WARN_UNDECLARED_SELECTOR = YES;
				GCC_WARN_UNINITIALIZED_AUTOS = YES_AGGRESSIVE;
				GCC_WARN_UNUSED_FUNCTION = YES;
				GCC_WARN_UNUSED_VARIABLE = YES;
				IPHONEOS_DEPLOYMENT_TARGET = 13.1;
				MTL_ENABLE_DEBUG_INFO = INCLUDE_SOURCE;
				MTL_FAST_MATH = YES;
				ONLY_ACTIVE_ARCH = YES;
				SDKROOT = iphoneos;
				SWIFT_ACTIVE_COMPILATION_CONDITIONS = DEBUG;
				SWIFT_OPTIMIZATION_LEVEL = "-Onone";
			};
			name = Debug;
		};
		EF98BF58235F7B2500DDB9EE /* Release */ = {
			isa = XCBuildConfiguration;
			buildSettings = {
				ALWAYS_SEARCH_USER_PATHS = NO;
				CLANG_ANALYZER_NONNULL = YES;
				CLANG_ANALYZER_NUMBER_OBJECT_CONVERSION = YES_AGGRESSIVE;
				CLANG_CXX_LANGUAGE_STANDARD = "gnu++14";
				CLANG_CXX_LIBRARY = "libc++";
				CLANG_ENABLE_MODULES = YES;
				CLANG_ENABLE_OBJC_ARC = YES;
				CLANG_ENABLE_OBJC_WEAK = YES;
				CLANG_WARN_BLOCK_CAPTURE_AUTORELEASING = YES;
				CLANG_WARN_BOOL_CONVERSION = YES;
				CLANG_WARN_COMMA = YES;
				CLANG_WARN_CONSTANT_CONVERSION = YES;
				CLANG_WARN_DEPRECATED_OBJC_IMPLEMENTATIONS = YES;
				CLANG_WARN_DIRECT_OBJC_ISA_USAGE = YES_ERROR;
				CLANG_WARN_DOCUMENTATION_COMMENTS = YES;
				CLANG_WARN_EMPTY_BODY = YES;
				CLANG_WARN_ENUM_CONVERSION = YES;
				CLANG_WARN_INFINITE_RECURSION = YES;
				CLANG_WARN_INT_CONVERSION = YES;
				CLANG_WARN_NON_LITERAL_NULL_CONVERSION = YES;
				CLANG_WARN_OBJC_IMPLICIT_RETAIN_SELF = YES;
				CLANG_WARN_OBJC_LITERAL_CONVERSION = YES;
				CLANG_WARN_OBJC_ROOT_CLASS = YES_ERROR;
				CLANG_WARN_RANGE_LOOP_ANALYSIS = YES;
				CLANG_WARN_STRICT_PROTOTYPES = YES;
				CLANG_WARN_SUSPICIOUS_MOVE = YES;
				CLANG_WARN_UNGUARDED_AVAILABILITY = YES_AGGRESSIVE;
				CLANG_WARN_UNREACHABLE_CODE = YES;
				CLANG_WARN__DUPLICATE_METHOD_MATCH = YES;
				COPY_PHASE_STRIP = NO;
				DEBUG_INFORMATION_FORMAT = "dwarf-with-dsym";
				ENABLE_NS_ASSERTIONS = NO;
				ENABLE_STRICT_OBJC_MSGSEND = YES;
				GCC_C_LANGUAGE_STANDARD = gnu11;
				GCC_NO_COMMON_BLOCKS = YES;
				GCC_WARN_64_TO_32_BIT_CONVERSION = YES;
				GCC_WARN_ABOUT_RETURN_TYPE = YES_ERROR;
				GCC_WARN_UNDECLARED_SELECTOR = YES;
				GCC_WARN_UNINITIALIZED_AUTOS = YES_AGGRESSIVE;
				GCC_WARN_UNUSED_FUNCTION = YES;
				GCC_WARN_UNUSED_VARIABLE = YES;
				IPHONEOS_DEPLOYMENT_TARGET = 13.1;
				MTL_ENABLE_DEBUG_INFO = NO;
				MTL_FAST_MATH = YES;
				SDKROOT = iphoneos;
				SWIFT_COMPILATION_MODE = wholemodule;
				SWIFT_OPTIMIZATION_LEVEL = "-O";
				VALIDATE_PRODUCT = YES;
			};
			name = Release;
		};
		EF98BF5A235F7B2500DDB9EE /* Debug */ = {
			isa = XCBuildConfiguration;
			buildSettings = {
				ASSETCATALOG_COMPILER_APPICON_NAME = AppIcon;
				CODE_SIGN_STYLE = Automatic;
				INFOPLIST_FILE = Chillis/Info.plist;
				LD_RUNPATH_SEARCH_PATHS = (
					"$(inherited)",
					"@executable_path/Frameworks",
				);
				PRODUCT_BUNDLE_IDENTIFIER = phs.Chillis;
				PRODUCT_NAME = "$(TARGET_NAME)";
				SWIFT_VERSION = 5.0;
				TARGETED_DEVICE_FAMILY = "1,2";
			};
			name = Debug;
		};
		EF98BF5B235F7B2500DDB9EE /* Release */ = {
			isa = XCBuildConfiguration;
			buildSettings = {
				ASSETCATALOG_COMPILER_APPICON_NAME = AppIcon;
				CODE_SIGN_STYLE = Automatic;
				INFOPLIST_FILE = Chillis/Info.plist;
				LD_RUNPATH_SEARCH_PATHS = (
					"$(inherited)",
					"@executable_path/Frameworks",
				);
				PRODUCT_BUNDLE_IDENTIFIER = phs.Chillis;
				PRODUCT_NAME = "$(TARGET_NAME)";
				SWIFT_VERSION = 5.0;
				TARGETED_DEVICE_FAMILY = "1,2";
			};
			name = Release;
		};
/* End XCBuildConfiguration section */

/* Begin XCConfigurationList section */
		EF98BF40235F7B2400DDB9EE /* Build configuration list for PBXProject "Chillis" */ = {
			isa = XCConfigurationList;
			buildConfigurations = (
				EF98BF57235F7B2500DDB9EE /* Debug */,
				EF98BF58235F7B2500DDB9EE /* Release */,
			);
			defaultConfigurationIsVisible = 0;
			defaultConfigurationName = Release;
		};
		EF98BF59235F7B2500DDB9EE /* Build configuration list for PBXNativeTarget "Chillis" */ = {
			isa = XCConfigurationList;
			buildConfigurations = (
				EF98BF5A235F7B2500DDB9EE /* Debug */,
				EF98BF5B235F7B2500DDB9EE /* Release */,
			);
			defaultConfigurationIsVisible = 0;
			defaultConfigurationName = Release;
		};
/* End XCConfigurationList section */
	};
	rootObject = EF98BF3D235F7B2400DDB9EE /* Project object */;
}
